{
  "name": "test-directory",
  "version": "1.0.0",
  "lockfileVersion": 2,
  "requires": true,
  "packages": {
    "": {
      "name": "test-directory",
      "version": "1.0.0",
      "license": "ISC",
      "dependencies": {
        "@smitch/js-lib": "^0.3.0"
      }
    },
    "node_modules/@smitch/js-lib": {
      "version": "0.3.18",
      "resolved": "https://registry.npmjs.org/@smitch/js-lib/-/js-lib-0.3.18.tgz",
      "integrity": "sha512-ocyPEIJ7IH7kW5x6+9ht7WoP5gqxUpZmIXr5WzCGjaj21+ftTVX6HhsMJjXy0pbOsrD9ApeoFtVmsVW594U83g=="
    }
  },
  "dependencies": {
    "@smitch/js-lib": {
      "version": "0.3.18",
      "resolved": "https://registry.npmjs.org/@smitch/js-lib/-/js-lib-0.3.18.tgz",
      "integrity": "sha512-ocyPEIJ7IH7kW5x6+9ht7WoP5gqxUpZmIXr5WzCGjaj21+ftTVX6HhsMJjXy0pbOsrD9ApeoFtVmsVW594U83g=="
    }
  }
}
