{
  "name": "test-directory",
  "version": "1.0.0",
  "lockfileVersion": 2,
  "requires": true,
  "packages": {
    "": {
      "name": "test-directory",
      "version": "1.0.0",
      "license": "ISC",
      "dependencies": {
        "@smitch/js-lib": "^0.3.0"
      }
    },
    "node_modules/@smitch/js-lib": {
      "version": "0.3.16",
      "resolved": "https://registry.npmjs.org/@smitch/js-lib/-/js-lib-0.3.16.tgz",
      "integrity": "sha512-vqdLfCF+j4GO7svSZh05RfPOva1YdhJ6+SEcwVN8gNzT9eUZJd1jLjxrL98NmPpYRKURigpE7wy4KHuCOgyYqw=="
    }
  },
  "dependencies": {
    "@smitch/js-lib": {
      "version": "0.3.16",
      "resolved": "https://registry.npmjs.org/@smitch/js-lib/-/js-lib-0.3.16.tgz",
      "integrity": "sha512-vqdLfCF+j4GO7svSZh05RfPOva1YdhJ6+SEcwVN8gNzT9eUZJd1jLjxrL98NmPpYRKURigpE7wy4KHuCOgyYqw=="
    }
  }
}
