{
  "name": "test-directory",
  "version": "1.0.0",
  "lockfileVersion": 2,
  "requires": true,
  "packages": {
    "": {
      "name": "test-directory",
      "version": "1.0.0",
      "license": "ISC",
      "dependencies": {
        "@smitch/js-lib": "^0.3.0"
      }
    },
    "node_modules/@smitch/js-lib": {
      "version": "0.3.11",
      "resolved": "https://registry.npmjs.org/@smitch/js-lib/-/js-lib-0.3.11.tgz",
      "integrity": "sha512-UOVI0K7PPBorGy3T+7zGKhrtfKmmT5j1qi+TrGh6oeOF+TmKqYuFqak2q/zxNS+saLfiXhkaxj6Zg2k9r480pQ=="
    }
  },
  "dependencies": {
    "@smitch/js-lib": {
      "version": "0.3.11",
      "resolved": "https://registry.npmjs.org/@smitch/js-lib/-/js-lib-0.3.11.tgz",
      "integrity": "sha512-UOVI0K7PPBorGy3T+7zGKhrtfKmmT5j1qi+TrGh6oeOF+TmKqYuFqak2q/zxNS+saLfiXhkaxj6Zg2k9r480pQ=="
    }
  }
}
